
Microsoft Visual Studio Solution File, Format Version 12.00
# Visual Studio Version 17
VisualStudioVersion = 17.4.33103.184
MinimumVisualStudioVersion = 10.0.40219.1
Project("{9A19103F-16F7-4668-BE54-9A1E7A4F7556}") = "Revver.Interviews.Blazor.API", "..\Revver.Interviews.Blazor.API\Revver.Interviews.Blazor.API.csproj", "{0348362B-3C3B-45DE-8984-2581DFEBCBE1}"
EndProject
Project("{9A19103F-16F7-4668-BE54-9A1E7A4F7556}") = "Revver.Interviews.BlazorSite", "..\Revver.Interviews.BlazorSite\Revver.Interviews.BlazorSite.csproj", "{B8F4E323-507D-413F-A369-83F411A7BCA6}"
EndProject
Global
	GlobalSection(SolutionConfigurationPlatforms) = preSolution
		Debug|Any CPU = Debug|Any CPU
		Release|Any CPU = Release|Any CPU
	EndGlobalSection
	GlobalSection(ProjectConfigurationPlatforms) = postSolution
		{0348362B-3C3B-45DE-8984-2581DFEBCBE1}.Debug|Any CPU.ActiveCfg = Debug|Any CPU
		{0348362B-3C3B-45DE-8984-2581DFEBCBE1}.Debug|Any CPU.Build.0 = Debug|Any CPU
		{0348362B-3C3B-45DE-8984-2581DFEBCBE1}.Release|Any CPU.ActiveCfg = Release|Any CPU
		{0348362B-3C3B-45DE-8984-2581DFEBCBE1}.Release|Any CPU.Build.0 = Release|Any CPU
		{B8F4E323-507D-413F-A369-83F411A7BCA6}.Debug|Any CPU.ActiveCfg = Debug|Any CPU
		{B8F4E323-507D-413F-A369-83F411A7BCA6}.Debug|Any CPU.Build.0 = Debug|Any CPU
		{B8F4E323-507D-413F-A369-83F411A7BCA6}.Release|Any CPU.ActiveCfg = Release|Any CPU
		{B8F4E323-507D-413F-A369-83F411A7BCA6}.Release|Any CPU.Build.0 = Release|Any CPU
	EndGlobalSection
	GlobalSection(SolutionProperties) = preSolution
		HideSolutionNode = FALSE
	EndGlobalSection
	GlobalSection(ExtensibilityGlobals) = postSolution
		SolutionGuid = {2FA6A3AD-CB7A-43F7-9872-8DDCA9292C35}
	EndGlobalSection
EndGlobal
