
Microsoft Visual Studio Solution File, Format Version 12.00
# Visual Studio Version 17
VisualStudioVersion = 17.4.33103.184
MinimumVisualStudioVersion = 10.0.40219.1
Project("{FAE04EC0-301F-11D3-BF4B-00C04F79EFBC}") = "Revver.Interviews.Blazor", "Revver.Interviews.Blazor.csproj", "{F5B7E314-5E75-456E-A190-022B0725AA9D}"
EndProject
Project("{FAE04EC0-301F-11D3-BF4B-00C04F79EFBC}") = "Revver.Interviews.API", "..\Revver.Interviews.API\Revver.Interviews.API.csproj", "{C6AC6D05-5C6C-4D59-9A36-73173F69C36B}"
EndProject
Global
	GlobalSection(SolutionConfigurationPlatforms) = preSolution
		Debug|Any CPU = Debug|Any CPU
		Release|Any CPU = Release|Any CPU
	EndGlobalSection
	GlobalSection(ProjectConfigurationPlatforms) = postSolution
		{F5B7E314-5E75-456E-A190-022B0725AA9D}.Debug|Any CPU.ActiveCfg = Debug|Any CPU
		{F5B7E314-5E75-456E-A190-022B0725AA9D}.Debug|Any CPU.Build.0 = Debug|Any CPU
		{F5B7E314-5E75-456E-A190-022B0725AA9D}.Release|Any CPU.ActiveCfg = Release|Any CPU
		{F5B7E314-5E75-456E-A190-022B0725AA9D}.Release|Any CPU.Build.0 = Release|Any CPU
		{C6AC6D05-5C6C-4D59-9A36-73173F69C36B}.Debug|Any CPU.ActiveCfg = Debug|Any CPU
		{C6AC6D05-5C6C-4D59-9A36-73173F69C36B}.Debug|Any CPU.Build.0 = Debug|Any CPU
		{C6AC6D05-5C6C-4D59-9A36-73173F69C36B}.Release|Any CPU.ActiveCfg = Release|Any CPU
		{C6AC6D05-5C6C-4D59-9A36-73173F69C36B}.Release|Any CPU.Build.0 = Release|Any CPU
	EndGlobalSection
	GlobalSection(SolutionProperties) = preSolution
		HideSolutionNode = FALSE
	EndGlobalSection
	GlobalSection(ExtensibilityGlobals) = postSolution
		SolutionGuid = {2FA6A3AD-CB7A-43F7-9872-8DDCA9292C35}
	EndGlobalSection
EndGlobal
